PODS:
  - FoldingCell (2.0.3)
  - SAConfettiView (0.1.8)

DEPENDENCIES:
  - FoldingCell (~> 2.0.3)
  - SAConfettiView

SPEC CHECKSUMS:
  FoldingCell: 2f3113051609167776743415fc00ed877ac6d62c
  SAConfettiView: c87031a2280659261b730fce3669fb10e73636ee

PODFILE CHECKSUM: 9c3160b054511a41aacaad373092dcd44144801e

COCOAPODS: 1.1.1
